// !$*UTF8*$!
{
	archiveVersion = 1;
	classes = {
	};
	objectVersion = 50;
	objects = {

/* Begin PBXBuildFile section */
		812569A8262D150A00B8758D /* AppDelegate.m in Sources */ = {isa = PBXBuildFile; fileRef = 812569A7262D150A00B8758D /* AppDelegate.m */; };
		812569B3262D150D00B8758D /* Assets.xcassets in Resources */ = {isa = PBXBuildFile; fileRef = 812569B2262D150D00B8758D /* Assets.xcassets */; };
		812569B6262D150D00B8758D /* LaunchScreen.storyboard in Resources */ = {isa = PBXBuildFile; fileRef = 812569B4262D150D00B8758D /* LaunchScreen.storyboard */; };
		812569B9262D150D00B8758D /* main.m in Sources */ = {isa = PBXBuildFile; fileRef = 812569B8262D150D00B8758D /* main.m */; };
		812569C3262D150D00B8758D /* YHNavigationBarExampleTests.m in Sources */ = {isa = PBXBuildFile; fileRef = 812569C2262D150D00B8758D /* YHNavigationBarExampleTests.m */; };
		812569CE262D150D00B8758D /* YHNavigationBarExampleUITests.m in Sources */ = {isa = PBXBuildFile; fileRef = 812569CD262D150D00B8758D /* YHNavigationBarExampleUITests.m */; };
		812569F6262D18B500B8758D /* ExampleViewController.m in Sources */ = {isa = PBXBuildFile; fileRef = 812569F4262D18B500B8758D /* ExampleViewController.m */; };
		812569F7262D18B500B8758D /* ExampleViewController.xib in Resources */ = {isa = PBXBuildFile; fileRef = 812569F5262D18B500B8758D /* ExampleViewController.xib */; };
		81256A00262D1E6200B8758D /* YHNavigationController.m in Sources */ = {isa = PBXBuildFile; fileRef = 812569FF262D1E6200B8758D /* YHNavigationController.m */; };
		81256A0F262D287C00B8758D /* YHNavigationDelegateObject.m in Sources */ = {isa = PBXBuildFile; fileRef = 81256A0E262D287C00B8758D /* YHNavigationDelegateObject.m */; };
		81256A18262D517B00B8758D /* YHNavigationPopAnimated.m in Sources */ = {isa = PBXBuildFile; fileRef = 81256A17262D517B00B8758D /* YHNavigationPopAnimated.m */; };
		81256A22262D73AE00B8758D /* UIViewController+YHNavigation.m in Sources */ = {isa = PBXBuildFile; fileRef = 81256A21262D73AE00B8758D /* UIViewController+YHNavigation.m */; };
		81256A2B262D867700B8758D /* ScrollViewTestViewController.m in Sources */ = {isa = PBXBuildFile; fileRef = 81256A2A262D867700B8758D /* ScrollViewTestViewController.m */; };
		8168B589262E721A00C24B9B /* ExampleTabBarController.m in Sources */ = {isa = PBXBuildFile; fileRef = 8168B588262E721A00C24B9B /* ExampleTabBarController.m */; };
		8168B58F262E81E000C24B9B /* YHNavigationFullScreenPopGesture.m in Sources */ = {isa = PBXBuildFile; fileRef = 8168B58E262E81E000C24B9B /* YHNavigationFullScreenPopGesture.m */; };
		81CD261C262FCE49004741B9 /* ExampleTranslucentViewController.m in Sources */ = {isa = PBXBuildFile; fileRef = 81CD261B262FCE49004741B9 /* ExampleTranslucentViewController.m */; };
/* End PBXBuildFile section */

/* Begin PBXContainerItemProxy section */
		812569BF262D150D00B8758D /* PBXContainerItemProxy */ = {
			isa = PBXContainerItemProxy;
			containerPortal = 8125699B262D150A00B8758D /* Project object */;
			proxyType = 1;
			remoteGlobalIDString = 812569A2262D150A00B8758D;
			remoteInfo = YHNavigationBarExample;
		};
		812569CA262D150D00B8758D /* PBXContainerItemProxy */ = {
			isa = PBXContainerItemProxy;
			containerPortal = 8125699B262D150A00B8758D /* Project object */;
			proxyType = 1;
			remoteGlobalIDString = 812569A2262D150A00B8758D;
			remoteInfo = YHNavigationBarExample;
		};
/* End PBXContainerItemProxy section */

/* Begin PBXFileReference section */
		812569A3262D150A00B8758D /* YHNavigationBarExample.app */ = {isa = PBXFileReference; explicitFileType = wrapper.application; includeInIndex = 0; path = YHNavigationBarExample.app; sourceTree = BUILT_PRODUCTS_DIR; };
		812569A6262D150A00B8758D /* AppDelegate.h */ = {isa = PBXFileReference; lastKnownFileType = sourcecode.c.h; path = AppDelegate.h; sourceTree = "<group>"; };
		812569A7262D150A00B8758D /* AppDelegate.m */ = {isa = PBXFileReference; lastKnownFileType = sourcecode.c.objc; path = AppDelegate.m; sourceTree = "<group>"; };
		812569B2262D150D00B8758D /* Assets.xcassets */ = {isa = PBXFileReference; lastKnownFileType = folder.assetcatalog; path = Assets.xcassets; sourceTree = "<group>"; };
		812569B5262D150D00B8758D /* Base */ = {isa = PBXFileReference; lastKnownFileType = file.storyboard; name = Base; path = Base.lproj/LaunchScreen.storyboard; sourceTree = "<group>"; };
		812569B7262D150D00B8758D /* Info.plist */ = {isa = PBXFileReference; lastKnownFileType = text.plist.xml; path = Info.plist; sourceTree = "<group>"; };
		812569B8262D150D00B8758D /* main.m */ = {isa = PBXFileReference; lastKnownFileType = sourcecode.c.objc; path = main.m; sourceTree = "<group>"; };
		812569BE262D150D00B8758D /* YHNavigationBarExampleTests.xctest */ = {isa = PBXFileReference; explicitFileType = wrapper.cfbundle; includeInIndex = 0; path = YHNavigationBarExampleTests.xctest; sourceTree = BUILT_PRODUCTS_DIR; };
		812569C2262D150D00B8758D /* YHNavigationBarExampleTests.m */ = {isa = PBXFileReference; lastKnownFileType = sourcecode.c.objc; path = YHNavigationBarExampleTests.m; sourceTree = "<group>"; };
		812569C4262D150D00B8758D /* Info.plist */ = {isa = PBXFileReference; lastKnownFileType = text.plist.xml; path = Info.plist; sourceTree = "<group>"; };
		812569C9262D150D00B8758D /* YHNavigationBarExampleUITests.xctest */ = {isa = PBXFileReference; explicitFileType = wrapper.cfbundle; includeInIndex = 0; path = YHNavigationBarExampleUITests.xctest; sourceTree = BUILT_PRODUCTS_DIR; };
		812569CD262D150D00B8758D /* YHNavigationBarExampleUITests.m */ = {isa = PBXFileReference; lastKnownFileType = sourcecode.c.objc; path = YHNavigationBarExampleUITests.m; sourceTree = "<group>"; };
		812569CF262D150D00B8758D /* Info.plist */ = {isa = PBXFileReference; lastKnownFileType = text.plist.xml; path = Info.plist; sourceTree = "<group>"; };
		812569F3262D18B500B8758D /* ExampleViewController.h */ = {isa = PBXFileReference; lastKnownFileType = sourcecode.c.h; path = ExampleViewController.h; sourceTree = "<group>"; };
		812569F4262D18B500B8758D /* ExampleViewController.m */ = {isa = PBXFileReference; lastKnownFileType = sourcecode.c.objc; path = ExampleViewController.m; sourceTree = "<group>"; };
		812569F5262D18B500B8758D /* ExampleViewController.xib */ = {isa = PBXFileReference; lastKnownFileType = file.xib; path = ExampleViewController.xib; sourceTree = "<group>"; };
		812569FE262D1E6200B8758D /* YHNavigationController.h */ = {isa = PBXFileReference; lastKnownFileType = sourcecode.c.h; path = YHNavigationController.h; sourceTree = "<group>"; };
		812569FF262D1E6200B8758D /* YHNavigationController.m */ = {isa = PBXFileReference; lastKnownFileType = sourcecode.c.objc; path = YHNavigationController.m; sourceTree = "<group>"; };
		81256A0D262D287C00B8758D /* YHNavigationDelegateObject.h */ = {isa = PBXFileReference; lastKnownFileType = sourcecode.c.h; path = YHNavigationDelegateObject.h; sourceTree = "<group>"; };
		81256A0E262D287C00B8758D /* YHNavigationDelegateObject.m */ = {isa = PBXFileReference; lastKnownFileType = sourcecode.c.objc; path = YHNavigationDelegateObject.m; sourceTree = "<group>"; };
		81256A16262D517B00B8758D /* YHNavigationPopAnimated.h */ = {isa = PBXFileReference; lastKnownFileType = sourcecode.c.h; path = YHNavigationPopAnimated.h; sourceTree = "<group>"; };
		81256A17262D517B00B8758D /* YHNavigationPopAnimated.m */ = {isa = PBXFileReference; lastKnownFileType = sourcecode.c.objc; path = YHNavigationPopAnimated.m; sourceTree = "<group>"; };
		81256A20262D73AE00B8758D /* UIViewController+YHNavigation.h */ = {isa = PBXFileReference; lastKnownFileType = sourcecode.c.h; path = "UIViewController+YHNavigation.h"; sourceTree = "<group>"; };
		81256A21262D73AE00B8758D /* UIViewController+YHNavigation.m */ = {isa = PBXFileReference; lastKnownFileType = sourcecode.c.objc; path = "UIViewController+YHNavigation.m"; sourceTree = "<group>"; };
		81256A29262D867700B8758D /* ScrollViewTestViewController.h */ = {isa = PBXFileReference; lastKnownFileType = sourcecode.c.h; path = ScrollViewTestViewController.h; sourceTree = "<group>"; };
		81256A2A262D867700B8758D /* ScrollViewTestViewController.m */ = {isa = PBXFileReference; lastKnownFileType = sourcecode.c.objc; path = ScrollViewTestViewController.m; sourceTree = "<group>"; };
		8168B587262E721A00C24B9B /* ExampleTabBarController.h */ = {isa = PBXFileReference; lastKnownFileType = sourcecode.c.h; path = ExampleTabBarController.h; sourceTree = "<group>"; };
		8168B588262E721A00C24B9B /* ExampleTabBarController.m */ = {isa = PBXFileReference; lastKnownFileType = sourcecode.c.objc; path = ExampleTabBarController.m; sourceTree = "<group>"; };
		8168B58D262E81E000C24B9B /* YHNavigationFullScreenPopGesture.h */ = {isa = PBXFileReference; lastKnownFileType = sourcecode.c.h; path = YHNavigationFullScreenPopGesture.h; sourceTree = "<group>"; };
		8168B58E262E81E000C24B9B /* YHNavigationFullScreenPopGesture.m */ = {isa = PBXFileReference; lastKnownFileType = sourcecode.c.objc; path = YHNavigationFullScreenPopGesture.m; sourceTree = "<group>"; };
		81CD25F8262FC1C6004741B9 /* YHNavigationKit.h */ = {isa = PBXFileReference; lastKnownFileType = sourcecode.c.h; path = YHNavigationKit.h; sourceTree = "<group>"; };
		81CD261A262FCE49004741B9 /* ExampleTranslucentViewController.h */ = {isa = PBXFileReference; lastKnownFileType = sourcecode.c.h; path = ExampleTranslucentViewController.h; sourceTree = "<group>"; };
		81CD261B262FCE49004741B9 /* ExampleTranslucentViewController.m */ = {isa = PBXFileReference; lastKnownFileType = sourcecode.c.objc; path = ExampleTranslucentViewController.m; sourceTree = "<group>"; };
/* End PBXFileReference section */

/* Begin PBXFrameworksBuildPhase section */
		812569A0262D150A00B8758D /* Frameworks */ = {
			isa = PBXFrameworksBuildPhase;
			buildActionMask = 2147483647;
			files = (
			);
			runOnlyForDeploymentPostprocessing = 0;
		};
		812569BB262D150D00B8758D /* Frameworks */ = {
			isa = PBXFrameworksBuildPhase;
			buildActionMask = 2147483647;
			files = (
			);
			runOnlyForDeploymentPostprocessing = 0;
		};
		812569C6262D150D00B8758D /* Frameworks */ = {
			isa = PBXFrameworksBuildPhase;
			buildActionMask = 2147483647;
			files = (
			);
			runOnlyForDeploymentPostprocessing = 0;
		};
/* End PBXFrameworksBuildPhase section */

/* Begin PBXGroup section */
		8125699A262D150A00B8758D = {
			isa = PBXGroup;
			children = (
				81256A1C262D724C00B8758D /* YHNavigationBar */,
				812569A5262D150A00B8758D /* YHNavigationBarExample */,
				812569C1262D150D00B8758D /* YHNavigationBarExampleTests */,
				812569CC262D150D00B8758D /* YHNavigationBarExampleUITests */,
				812569A4262D150A00B8758D /* Products */,
			);
			sourceTree = "<group>";
		};
		812569A4262D150A00B8758D /* Products */ = {
			isa = PBXGroup;
			children = (
				812569A3262D150A00B8758D /* YHNavigationBarExample.app */,
				812569BE262D150D00B8758D /* YHNavigationBarExampleTests.xctest */,
				812569C9262D150D00B8758D /* YHNavigationBarExampleUITests.xctest */,
			);
			name = Products;
			sourceTree = "<group>";
		};
		812569A5262D150A00B8758D /* YHNavigationBarExample */ = {
			isa = PBXGroup;
			children = (
				81CD2602262FCC84004741B9 /* Example */,
				812569A6262D150A00B8758D /* AppDelegate.h */,
				812569A7262D150A00B8758D /* AppDelegate.m */,
				812569B2262D150D00B8758D /* Assets.xcassets */,
				812569B4262D150D00B8758D /* LaunchScreen.storyboard */,
				812569B7262D150D00B8758D /* Info.plist */,
				812569B8262D150D00B8758D /* main.m */,
			);
			path = YHNavigationBarExample;
			sourceTree = "<group>";
		};
		812569C1262D150D00B8758D /* YHNavigationBarExampleTests */ = {
			isa = PBXGroup;
			children = (
				812569C2262D150D00B8758D /* YHNavigationBarExampleTests.m */,
				812569C4262D150D00B8758D /* Info.plist */,
			);
			path = YHNavigationBarExampleTests;
			sourceTree = "<group>";
		};
		812569CC262D150D00B8758D /* YHNavigationBarExampleUITests */ = {
			isa = PBXGroup;
			children = (
				812569CD262D150D00B8758D /* YHNavigationBarExampleUITests.m */,
				812569CF262D150D00B8758D /* Info.plist */,
			);
			path = YHNavigationBarExampleUITests;
			sourceTree = "<group>";
		};
		81256A1C262D724C00B8758D /* YHNavigationBar */ = {
			isa = PBXGroup;
			children = (
				81CD25F8262FC1C6004741B9 /* YHNavigationKit.h */,
				812569FE262D1E6200B8758D /* YHNavigationController.h */,
				812569FF262D1E6200B8758D /* YHNavigationController.m */,
				81256A0D262D287C00B8758D /* YHNavigationDelegateObject.h */,
				81256A0E262D287C00B8758D /* YHNavigationDelegateObject.m */,
				81256A16262D517B00B8758D /* YHNavigationPopAnimated.h */,
				81256A17262D517B00B8758D /* YHNavigationPopAnimated.m */,
				81256A20262D73AE00B8758D /* UIViewController+YHNavigation.h */,
				81256A21262D73AE00B8758D /* UIViewController+YHNavigation.m */,
				8168B58D262E81E000C24B9B /* YHNavigationFullScreenPopGesture.h */,
				8168B58E262E81E000C24B9B /* YHNavigationFullScreenPopGesture.m */,
			);
			path = YHNavigationBar;
			sourceTree = "<group>";
		};
		81CD2602262FCC84004741B9 /* Example */ = {
			isa = PBXGroup;
			children = (
				812569F3262D18B500B8758D /* ExampleViewController.h */,
				812569F4262D18B500B8758D /* ExampleViewController.m */,
				812569F5262D18B500B8758D /* ExampleViewController.xib */,
				81256A29262D867700B8758D /* ScrollViewTestViewController.h */,
				81256A2A262D867700B8758D /* ScrollViewTestViewController.m */,
				8168B587262E721A00C24B9B /* ExampleTabBarController.h */,
				8168B588262E721A00C24B9B /* ExampleTabBarController.m */,
				81CD261A262FCE49004741B9 /* ExampleTranslucentViewController.h */,
				81CD261B262FCE49004741B9 /* ExampleTranslucentViewController.m */,
			);
			path = Example;
			sourceTree = "<group>";
		};
/* End PBXGroup section */

/* Begin PBXNativeTarget section */
		812569A2262D150A00B8758D /* YHNavigationBarExample */ = {
			isa = PBXNativeTarget;
			buildConfigurationList = 812569D2262D150D00B8758D /* Build configuration list for PBXNativeTarget "YHNavigationBarExample" */;
			buildPhases = (
				8125699F262D150A00B8758D /* Sources */,
				812569A0262D150A00B8758D /* Frameworks */,
				812569A1262D150A00B8758D /* Resources */,
			);
			buildRules = (
			);
			dependencies = (
			);
			name = YHNavigationBarExample;
			productName = YHNavigationBarExample;
			productReference = 812569A3262D150A00B8758D /* YHNavigationBarExample.app */;
			productType = "com.apple.product-type.application";
		};
		812569BD262D150D00B8758D /* YHNavigationBarExampleTests */ = {
			isa = PBXNativeTarget;
			buildConfigurationList = 812569D5262D150D00B8758D /* Build configuration list for PBXNativeTarget "YHNavigationBarExampleTests" */;
			buildPhases = (
				812569BA262D150D00B8758D /* Sources */,
				812569BB262D150D00B8758D /* Frameworks */,
				812569BC262D150D00B8758D /* Resources */,
			);
			buildRules = (
			);
			dependencies = (
				812569C0262D150D00B8758D /* PBXTargetDependency */,
			);
			name = YHNavigationBarExampleTests;
			productName = YHNavigationBarExampleTests;
			productReference = 812569BE262D150D00B8758D /* YHNavigationBarExampleTests.xctest */;
			productType = "com.apple.product-type.bundle.unit-test";
		};
		812569C8262D150D00B8758D /* YHNavigationBarExampleUITests */ = {
			isa = PBXNativeTarget;
			buildConfigurationList = 812569D8262D150D00B8758D /* Build configuration list for PBXNativeTarget "YHNavigationBarExampleUITests" */;
			buildPhases = (
				812569C5262D150D00B8758D /* Sources */,
				812569C6262D150D00B8758D /* Frameworks */,
				812569C7262D150D00B8758D /* Resources */,
			);
			buildRules = (
			);
			dependencies = (
				812569CB262D150D00B8758D /* PBXTargetDependency */,
			);
			name = YHNavigationBarExampleUITests;
			productName = YHNavigationBarExampleUITests;
			productReference = 812569C9262D150D00B8758D /* YHNavigationBarExampleUITests.xctest */;
			productType = "com.apple.product-type.bundle.ui-testing";
		};
/* End PBXNativeTarget section */

/* Begin PBXProject section */
		8125699B262D150A00B8758D /* Project object */ = {
			isa = PBXProject;
			attributes = {
				LastUpgradeCheck = 1240;
				TargetAttributes = {
					812569A2262D150A00B8758D = {
						CreatedOnToolsVersion = 12.4;
					};
					812569BD262D150D00B8758D = {
						CreatedOnToolsVersion = 12.4;
						TestTargetID = 812569A2262D150A00B8758D;
					};
					812569C8262D150D00B8758D = {
						CreatedOnToolsVersion = 12.4;
						TestTargetID = 812569A2262D150A00B8758D;
					};
				};
			};
			buildConfigurationList = 8125699E262D150A00B8758D /* Build configuration list for PBXProject "YHNavigationBarExample" */;
			compatibilityVersion = "Xcode 9.3";
			developmentRegion = en;
			hasScannedForEncodings = 0;
			knownRegions = (
				en,
				Base,
			);
			mainGroup = 8125699A262D150A00B8758D;
			productRefGroup = 812569A4262D150A00B8758D /* Products */;
			projectDirPath = "";
			projectRoot = "";
			targets = (
				812569A2262D150A00B8758D /* YHNavigationBarExample */,
				812569BD262D150D00B8758D /* YHNavigationBarExampleTests */,
				812569C8262D150D00B8758D /* YHNavigationBarExampleUITests */,
			);
		};
/* End PBXProject section */

/* Begin PBXResourcesBuildPhase section */
		812569A1262D150A00B8758D /* Resources */ = {
			isa = PBXResourcesBuildPhase;
			buildActionMask = 2147483647;
			files = (
				812569B6262D150D00B8758D /* LaunchScreen.storyboard in Resources */,
				812569F7262D18B500B8758D /* ExampleViewController.xib in Resources */,
				812569B3262D150D00B8758D /* Assets.xcassets in Resources */,
			);
			runOnlyForDeploymentPostprocessing = 0;
		};
		812569BC262D150D00B8758D /* Resources */ = {
			isa = PBXResourcesBuildPhase;
			buildActionMask = 2147483647;
			files = (
			);
			runOnlyForDeploymentPostprocessing = 0;
		};
		812569C7262D150D00B8758D /* Resources */ = {
			isa = PBXResourcesBuildPhase;
			buildActionMask = 2147483647;
			files = (
			);
			runOnlyForDeploymentPostprocessing = 0;
		};
/* End PBXResourcesBuildPhase section */

/* Begin PBXSourcesBuildPhase section */
		8125699F262D150A00B8758D /* Sources */ = {
			isa = PBXSourcesBuildPhase;
			buildActionMask = 2147483647;
			files = (
				81256A18262D517B00B8758D /* YHNavigationPopAnimated.m in Sources */,
				81CD261C262FCE49004741B9 /* ExampleTranslucentViewController.m in Sources */,
				8168B58F262E81E000C24B9B /* YHNavigationFullScreenPopGesture.m in Sources */,
				81256A2B262D867700B8758D /* ScrollViewTestViewController.m in Sources */,
				81256A0F262D287C00B8758D /* YHNavigationDelegateObject.m in Sources */,
				81256A00262D1E6200B8758D /* YHNavigationController.m in Sources */,
				81256A22262D73AE00B8758D /* UIViewController+YHNavigation.m in Sources */,
				8168B589262E721A00C24B9B /* ExampleTabBarController.m in Sources */,
				812569F6262D18B500B8758D /* ExampleViewController.m in Sources */,
				812569A8262D150A00B8758D /* AppDelegate.m in Sources */,
				812569B9262D150D00B8758D /* main.m in Sources */,
			);
			runOnlyForDeploymentPostprocessing = 0;
		};
		812569BA262D150D00B8758D /* Sources */ = {
			isa = PBXSourcesBuildPhase;
			buildActionMask = 2147483647;
			files = (
				812569C3262D150D00B8758D /* YHNavigationBarExampleTests.m in Sources */,
			);
			runOnlyForDeploymentPostprocessing = 0;
		};
		812569C5262D150D00B8758D /* Sources */ = {
			isa = PBXSourcesBuildPhase;
			buildActionMask = 2147483647;
			files = (
				812569CE262D150D00B8758D /* YHNavigationBarExampleUITests.m in Sources */,
			);
			runOnlyForDeploymentPostprocessing = 0;
		};
/* End PBXSourcesBuildPhase section */

/* Begin PBXTargetDependency section */
		812569C0262D150D00B8758D /* PBXTargetDependency */ = {
			isa = PBXTargetDependency;
			target = 812569A2262D150A00B8758D /* YHNavigationBarExample */;
			targetProxy = 812569BF262D150D00B8758D /* PBXContainerItemProxy */;
		};
		812569CB262D150D00B8758D /* PBXTargetDependency */ = {
			isa = PBXTargetDependency;
			target = 812569A2262D150A00B8758D /* YHNavigationBarExample */;
			targetProxy = 812569CA262D150D00B8758D /* PBXContainerItemProxy */;
		};
/* End PBXTargetDependency section */

/* Begin PBXVariantGroup section */
		812569B4262D150D00B8758D /* LaunchScreen.storyboard */ = {
			isa = PBXVariantGroup;
			children = (
				812569B5262D150D00B8758D /* Base */,
			);
			name = LaunchScreen.storyboard;
			sourceTree = "<group>";
		};
/* End PBXVariantGroup section */

/* Begin XCBuildConfiguration section */
		812569D0262D150D00B8758D /* Debug */ = {
			isa = XCBuildConfiguration;
			buildSettings = {
				ALWAYS_SEARCH_USER_PATHS = NO;
				CLANG_ANALYZER_NONNULL = YES;
				CLANG_ANALYZER_NUMBER_OBJECT_CONVERSION = YES_AGGRESSIVE;
				CLANG_CXX_LANGUAGE_STANDARD = "gnu++14";
				CLANG_CXX_LIBRARY = "libc++";
				CLANG_ENABLE_MODULES = YES;
				CLANG_ENABLE_OBJC_ARC = YES;
				CLANG_ENABLE_OBJC_WEAK = YES;
				CLANG_WARN_BLOCK_CAPTURE_AUTORELEASING = YES;
				CLANG_WARN_BOOL_CONVERSION = YES;
				CLANG_WARN_COMMA = YES;
				CLANG_WARN_CONSTANT_CONVERSION = YES;
				CLANG_WARN_DEPRECATED_OBJC_IMPLEMENTATIONS = YES;
				CLANG_WARN_DIRECT_OBJC_ISA_USAGE = YES_ERROR;
				CLANG_WARN_DOCUMENTATION_COMMENTS = YES;
				CLANG_WARN_EMPTY_BODY = YES;
				CLANG_WARN_ENUM_CONVERSION = YES;
				CLANG_WARN_INFINITE_RECURSION = YES;
				CLANG_WARN_INT_CONVERSION = YES;
				CLANG_WARN_NON_LITERAL_NULL_CONVERSION = YES;
				CLANG_WARN_OBJC_IMPLICIT_RETAIN_SELF = YES;
				CLANG_WARN_OBJC_LITERAL_CONVERSION = YES;
				CLANG_WARN_OBJC_ROOT_CLASS = YES_ERROR;
				CLANG_WARN_QUOTED_INCLUDE_IN_FRAMEWORK_HEADER = YES;
				CLANG_WARN_RANGE_LOOP_ANALYSIS = YES;
				CLANG_WARN_STRICT_PROTOTYPES = YES;
				CLANG_WARN_SUSPICIOUS_MOVE = YES;
				CLANG_WARN_UNGUARDED_AVAILABILITY = YES_AGGRESSIVE;
				CLANG_WARN_UNREACHABLE_CODE = YES;
				CLANG_WARN__DUPLICATE_METHOD_MATCH = YES;
				COPY_PHASE_STRIP = NO;
				DEBUG_INFORMATION_FORMAT = dwarf;
				ENABLE_STRICT_OBJC_MSGSEND = YES;
				ENABLE_TESTABILITY = YES;
				GCC_C_LANGUAGE_STANDARD = gnu11;
				GCC_DYNAMIC_NO_PIC = NO;
				GCC_NO_COMMON_BLOCKS = YES;
				GCC_OPTIMIZATION_LEVEL = 0;
				GCC_PREPROCESSOR_DEFINITIONS = (
					"DEBUG=1",
					"$(inherited)",
				);
				GCC_WARN_64_TO_32_BIT_CONVERSION = YES;
				GCC_WARN_ABOUT_RETURN_TYPE = YES_ERROR;
				GCC_WARN_UNDECLARED_SELECTOR = YES;
				GCC_WARN_UNINITIALIZED_AUTOS = YES_AGGRESSIVE;
				GCC_WARN_UNUSED_FUNCTION = YES;
				GCC_WARN_UNUSED_VARIABLE = YES;
				IPHONEOS_DEPLOYMENT_TARGET = 14.4;
				MTL_ENABLE_DEBUG_INFO = INCLUDE_SOURCE;
				MTL_FAST_MATH = YES;
				ONLY_ACTIVE_ARCH = YES;
				SDKROOT = iphoneos;
			};
			name = Debug;
		};
		812569D1262D150D00B8758D /* Release */ = {
			isa = XCBuildConfiguration;
			buildSettings = {
				ALWAYS_SEARCH_USER_PATHS = NO;
				CLANG_ANALYZER_NONNULL = YES;
				CLANG_ANALYZER_NUMBER_OBJECT_CONVERSION = YES_AGGRESSIVE;
				CLANG_CXX_LANGUAGE_STANDARD = "gnu++14";
				CLANG_CXX_LIBRARY = "libc++";
				CLANG_ENABLE_MODULES = YES;
				CLANG_ENABLE_OBJC_ARC = YES;
				CLANG_ENABLE_OBJC_WEAK = YES;
				CLANG_WARN_BLOCK_CAPTURE_AUTORELEASING = YES;
				CLANG_WARN_BOOL_CONVERSION = YES;
				CLANG_WARN_COMMA = YES;
				CLANG_WARN_CONSTANT_CONVERSION = YES;
				CLANG_WARN_DEPRECATED_OBJC_IMPLEMENTATIONS = YES;
				CLANG_WARN_DIRECT_OBJC_ISA_USAGE = YES_ERROR;
				CLANG_WARN_DOCUMENTATION_COMMENTS = YES;
				CLANG_WARN_EMPTY_BODY = YES;
				CLANG_WARN_ENUM_CONVERSION = YES;
				CLANG_WARN_INFINITE_RECURSION = YES;
				CLANG_WARN_INT_CONVERSION = YES;
				CLANG_WARN_NON_LITERAL_NULL_CONVERSION = YES;
				CLANG_WARN_OBJC_IMPLICIT_RETAIN_SELF = YES;
				CLANG_WARN_OBJC_LITERAL_CONVERSION = YES;
				CLANG_WARN_OBJC_ROOT_CLASS = YES_ERROR;
				CLANG_WARN_QUOTED_INCLUDE_IN_FRAMEWORK_HEADER = YES;
				CLANG_WARN_RANGE_LOOP_ANALYSIS = YES;
				CLANG_WARN_STRICT_PROTOTYPES = YES;
				CLANG_WARN_SUSPICIOUS_MOVE = YES;
				CLANG_WARN_UNGUARDED_AVAILABILITY = YES_AGGRESSIVE;
				CLANG_WARN_UNREACHABLE_CODE = YES;
				CLANG_WARN__DUPLICATE_METHOD_MATCH = YES;
				COPY_PHASE_STRIP = NO;
				DEBUG_INFORMATION_FORMAT = "dwarf-with-dsym";
				ENABLE_NS_ASSERTIONS = NO;
				ENABLE_STRICT_OBJC_MSGSEND = YES;
				GCC_C_LANGUAGE_STANDARD = gnu11;
				GCC_NO_COMMON_BLOCKS = YES;
				GCC_WARN_64_TO_32_BIT_CONVERSION = YES;
				GCC_WARN_ABOUT_RETURN_TYPE = YES_ERROR;
				GCC_WARN_UNDECLARED_SELECTOR = YES;
				GCC_WARN_UNINITIALIZED_AUTOS = YES_AGGRESSIVE;
				GCC_WARN_UNUSED_FUNCTION = YES;
				GCC_WARN_UNUSED_VARIABLE = YES;
				IPHONEOS_DEPLOYMENT_TARGET = 14.4;
				MTL_ENABLE_DEBUG_INFO = NO;
				MTL_FAST_MATH = YES;
				SDKROOT = iphoneos;
				VALIDATE_PRODUCT = YES;
			};
			name = Release;
		};
		812569D3262D150D00B8758D /* Debug */ = {
			isa = XCBuildConfiguration;
			buildSettings = {
				ASSETCATALOG_COMPILER_APPICON_NAME = AppIcon;
				ASSETCATALOG_COMPILER_GLOBAL_ACCENT_COLOR_NAME = AccentColor;
				CODE_SIGN_STYLE = Automatic;
				DEVELOPMENT_TEAM = C77C4Z7YUK;
				INFOPLIST_FILE = YHNavigationBarExample/Info.plist;
				IPHONEOS_DEPLOYMENT_TARGET = 9.0;
				LD_RUNPATH_SEARCH_PATHS = (
					"$(inherited)",
					"@executable_path/Frameworks",
				);
				PRODUCT_BUNDLE_IDENTIFIER = com.syc.slms;
				PRODUCT_NAME = "$(TARGET_NAME)";
				TARGETED_DEVICE_FAMILY = "1,2";
			};
			name = Debug;
		};
		812569D4262D150D00B8758D /* Release */ = {
			isa = XCBuildConfiguration;
			buildSettings = {
				ASSETCATALOG_COMPILER_APPICON_NAME = AppIcon;
				ASSETCATALOG_COMPILER_GLOBAL_ACCENT_COLOR_NAME = AccentColor;
				CODE_SIGN_STYLE = Automatic;
				DEVELOPMENT_TEAM = C77C4Z7YUK;
				INFOPLIST_FILE = YHNavigationBarExample/Info.plist;
				IPHONEOS_DEPLOYMENT_TARGET = 9.0;
				LD_RUNPATH_SEARCH_PATHS = (
					"$(inherited)",
					"@executable_path/Frameworks",
				);
				PRODUCT_BUNDLE_IDENTIFIER = com.syc.slms;
				PRODUCT_NAME = "$(TARGET_NAME)";
				TARGETED_DEVICE_FAMILY = "1,2";
			};
			name = Release;
		};
		812569D6262D150D00B8758D /* Debug */ = {
			isa = XCBuildConfiguration;
			buildSettings = {
				BUNDLE_LOADER = "$(TEST_HOST)";
				CODE_SIGN_STYLE = Automatic;
				INFOPLIST_FILE = YHNavigationBarExampleTests/Info.plist;
				IPHONEOS_DEPLOYMENT_TARGET = 14.4;
				LD_RUNPATH_SEARCH_PATHS = (
					"$(inherited)",
					"@executable_path/Frameworks",
					"@loader_path/Frameworks",
				);
				PRODUCT_BUNDLE_IDENTIFIER = com.demo.YHNavigationBarExampleTests;
				PRODUCT_NAME = "$(TARGET_NAME)";
				TARGETED_DEVICE_FAMILY = "1,2";
				TEST_HOST = "$(BUILT_PRODUCTS_DIR)/YHNavigationBarExample.app/YHNavigationBarExample";
			};
			name = Debug;
		};
		812569D7262D150D00B8758D /* Release */ = {
			isa = XCBuildConfiguration;
			buildSettings = {
				BUNDLE_LOADER = "$(TEST_HOST)";
				CODE_SIGN_STYLE = Automatic;
				INFOPLIST_FILE = YHNavigationBarExampleTests/Info.plist;
				IPHONEOS_DEPLOYMENT_TARGET = 14.4;
				LD_RUNPATH_SEARCH_PATHS = (
					"$(inherited)",
					"@executable_path/Frameworks",
					"@loader_path/Frameworks",
				);
				PRODUCT_BUNDLE_IDENTIFIER = com.demo.YHNavigationBarExampleTests;
				PRODUCT_NAME = "$(TARGET_NAME)";
				TARGETED_DEVICE_FAMILY = "1,2";
				TEST_HOST = "$(BUILT_PRODUCTS_DIR)/YHNavigationBarExample.app/YHNavigationBarExample";
			};
			name = Release;
		};
		812569D9262D150D00B8758D /* Debug */ = {
			isa = XCBuildConfiguration;
			buildSettings = {
				CODE_SIGN_STYLE = Automatic;
				INFOPLIST_FILE = YHNavigationBarExampleUITests/Info.plist;
				LD_RUNPATH_SEARCH_PATHS = (
					"$(inherited)",
					"@executable_path/Frameworks",
					"@loader_path/Frameworks",
				);
				PRODUCT_BUNDLE_IDENTIFIER = com.demo.YHNavigationBarExampleUITests;
				PRODUCT_NAME = "$(TARGET_NAME)";
				TARGETED_DEVICE_FAMILY = "1,2";
				TEST_TARGET_NAME = YHNavigationBarExample;
			};
			name = Debug;
		};
		812569DA262D150D00B8758D /* Release */ = {
			isa = XCBuildConfiguration;
			buildSettings = {
				CODE_SIGN_STYLE = Automatic;
				INFOPLIST_FILE = YHNavigationBarExampleUITests/Info.plist;
				LD_RUNPATH_SEARCH_PATHS = (
					"$(inherited)",
					"@executable_path/Frameworks",
					"@loader_path/Frameworks",
				);
				PRODUCT_BUNDLE_IDENTIFIER = com.demo.YHNavigationBarExampleUITests;
				PRODUCT_NAME = "$(TARGET_NAME)";
				TARGETED_DEVICE_FAMILY = "1,2";
				TEST_TARGET_NAME = YHNavigationBarExample;
			};
			name = Release;
		};
/* End XCBuildConfiguration section */

/* Begin XCConfigurationList section */
		8125699E262D150A00B8758D /* Build configuration list for PBXProject "YHNavigationBarExample" */ = {
			isa = XCConfigurationList;
			buildConfigurations = (
				812569D0262D150D00B8758D /* Debug */,
				812569D1262D150D00B8758D /* Release */,
			);
			defaultConfigurationIsVisible = 0;
			defaultConfigurationName = Release;
		};
		812569D2262D150D00B8758D /* Build configuration list for PBXNativeTarget "YHNavigationBarExample" */ = {
			isa = XCConfigurationList;
			buildConfigurations = (
				812569D3262D150D00B8758D /* Debug */,
				812569D4262D150D00B8758D /* Release */,
			);
			defaultConfigurationIsVisible = 0;
			defaultConfigurationName = Release;
		};
		812569D5262D150D00B8758D /* Build configuration list for PBXNativeTarget "YHNavigationBarExampleTests" */ = {
			isa = XCConfigurationList;
			buildConfigurations = (
				812569D6262D150D00B8758D /* Debug */,
				812569D7262D150D00B8758D /* Release */,
			);
			defaultConfigurationIsVisible = 0;
			defaultConfigurationName = Release;
		};
		812569D8262D150D00B8758D /* Build configuration list for PBXNativeTarget "YHNavigationBarExampleUITests" */ = {
			isa = XCConfigurationList;
			buildConfigurations = (
				812569D9262D150D00B8758D /* Debug */,
				812569DA262D150D00B8758D /* Release */,
			);
			defaultConfigurationIsVisible = 0;
			defaultConfigurationName = Release;
		};
/* End XCConfigurationList section */
	};
	rootObject = 8125699B262D150A00B8758D /* Project object */;
}
